
Microsoft Visual Studio Solution File, Format Version 12.00
# Visual Studio Version 16
VisualStudioVersion = 16.0.31613.86
MinimumVisualStudioVersion = 10.0.40219.1
Project("{FAE04EC0-301F-11D3-BF4B-00C04F79EFBC}") = "Proyecto", "Proyecto.csproj", "{24D6BEFD-BC7D-4BD8-9F0F-5F8CB4F4F524}"
EndProject
Global
	GlobalSection(SolutionConfigurationPlatforms) = preSolution
		Debug|Any CPU = Debug|Any CPU
		Release|Any CPU = Release|Any CPU
	EndGlobalSection
	GlobalSection(ProjectConfigurationPlatforms) = postSolution
		{24D6BEFD-BC7D-4BD8-9F0F-5F8CB4F4F524}.Debug|Any CPU.ActiveCfg = Debug|Any CPU
		{24D6BEFD-BC7D-4BD8-9F0F-5F8CB4F4F524}.Debug|Any CPU.Build.0 = Debug|Any CPU
		{24D6BEFD-BC7D-4BD8-9F0F-5F8CB4F4F524}.Release|Any CPU.ActiveCfg = Release|Any CPU
		{24D6BEFD-BC7D-4BD8-9F0F-5F8CB4F4F524}.Release|Any CPU.Build.0 = Release|Any CPU
	EndGlobalSection
	GlobalSection(SolutionProperties) = preSolution
		HideSolutionNode = FALSE
	EndGlobalSection
	GlobalSection(ExtensibilityGlobals) = postSolution
		SolutionGuid = {3DA36409-5605-447F-87D5-844FD581209B}
	EndGlobalSection
EndGlobal
